
Microsoft Visual Studio Solution File, Format Version 12.00
# Visual Studio Version 16
VisualStudioVersion = 16.0.29025.244
MinimumVisualStudioVersion = 10.0.40219.1
Project("{9A19103F-16F7-4668-BE54-9A1E7A4F7556}") = "Coreqi.WebApplication", "Coreqi.WebApplication\Coreqi.WebApplication.csproj", "{2777B8AD-CD47-4070-A43A-D4BAFA9EE3EA}"
EndProject
Project("{2150E333-8FDC-42A3-9474-1A3956D46DE8}") = "5.Web", "5.Web", "{C7B97A44-E564-4446-B0C4-FB2EC5560711}"
EndProject
Project("{9A19103F-16F7-4668-BE54-9A1E7A4F7556}") = "Coreqi.ApiApplication", "Coreqi.ApiApplication\Coreqi.ApiApplication.csproj", "{B945379A-5208-471D-AA93-4F7FC73AC9DD}"
EndProject
Project("{2150E333-8FDC-42A3-9474-1A3956D46DE8}") = "1.Utils", "1.Utils", "{0A55F4A9-7DA5-4D67-8F63-A321D5675155}"
EndProject
Project("{9A19103F-16F7-4668-BE54-9A1E7A4F7556}") = "Coreqi.Configuration", "Coreqi.Configuration\Coreqi.Configuration.csproj", "{449B01CA-00B7-4747-AB22-DA2FE7F8909F}"
EndProject
Project("{9A19103F-16F7-4668-BE54-9A1E7A4F7556}") = "Coreqi.Infrastructure", "Coreqi.Infrastructure\Coreqi.Infrastructure.csproj", "{2735774F-D242-4F9B-A4D2-DD7408150F4D}"
EndProject
Project("{2150E333-8FDC-42A3-9474-1A3956D46DE8}") = "2.Models", "2.Models", "{BCDC2D97-4AC4-4799-8F1F-9F0424FB8BE4}"
EndProject
Project("{2150E333-8FDC-42A3-9474-1A3956D46DE8}") = "4.Repository", "4.Repository", "{EAFA7889-02B9-4FC5-9567-3A981FD5335D}"
EndProject
Project("{9A19103F-16F7-4668-BE54-9A1E7A4F7556}") = "Coreqi.Repository.Common", "Coreqi.Repository.Common\Coreqi.Repository.Common.csproj", "{807AAC43-264C-4595-B3F2-F106C4E24AD3}"
EndProject
Project("{9A19103F-16F7-4668-BE54-9A1E7A4F7556}") = "Coreqi.Repository.EfCore", "Coreqi.Repository.EfCore\Coreqi.Repository.EfCore.csproj", "{1EBFE56E-0EA5-4B41-B227-827B93E9BE01}"
EndProject
Project("{2150E333-8FDC-42A3-9474-1A3956D46DE8}") = "3.Services", "3.Services", "{4F192D6F-1733-4C98-9CE8-007CFCD15EBC}"
EndProject
Project("{FAE04EC0-301F-11D3-BF4B-00C04F79EFBC}") = "Coreqi.Services.Common", "Coreqi.Services.Common\Coreqi.Services.Common.csproj", "{857B735D-7458-4CF7-B089-FBBFB8B65CCD}"
EndProject
Project("{FAE04EC0-301F-11D3-BF4B-00C04F79EFBC}") = "Coreqi.DbModels", "Coreqi.DbModels\Coreqi.DbModels.csproj", "{730FEC8A-C63A-492B-959F-273D09DE561D}"
EndProject
Project("{FAE04EC0-301F-11D3-BF4B-00C04F79EFBC}") = "Coreqi.Mapper", "Coreqi.Mapper\Coreqi.Mapper.csproj", "{79248943-A93C-4226-B886-9F82380359B0}"
EndProject
Project("{FAE04EC0-301F-11D3-BF4B-00C04F79EFBC}") = "Coreqi.ViewModels", "Coreqi.ViewModels\Coreqi.ViewModels.csproj", "{9866D9FB-1530-4939-9FF5-CA827644B56D}"
EndProject
Global
	GlobalSection(SolutionConfigurationPlatforms) = preSolution
		Debug|Any CPU = Debug|Any CPU
		Release|Any CPU = Release|Any CPU
	EndGlobalSection
	GlobalSection(ProjectConfigurationPlatforms) = postSolution
		{2777B8AD-CD47-4070-A43A-D4BAFA9EE3EA}.Debug|Any CPU.ActiveCfg = Debug|Any CPU
		{2777B8AD-CD47-4070-A43A-D4BAFA9EE3EA}.Debug|Any CPU.Build.0 = Debug|Any CPU
		{2777B8AD-CD47-4070-A43A-D4BAFA9EE3EA}.Release|Any CPU.ActiveCfg = Release|Any CPU
		{2777B8AD-CD47-4070-A43A-D4BAFA9EE3EA}.Release|Any CPU.Build.0 = Release|Any CPU
		{B945379A-5208-471D-AA93-4F7FC73AC9DD}.Debug|Any CPU.ActiveCfg = Debug|Any CPU
		{B945379A-5208-471D-AA93-4F7FC73AC9DD}.Debug|Any CPU.Build.0 = Debug|Any CPU
		{B945379A-5208-471D-AA93-4F7FC73AC9DD}.Release|Any CPU.ActiveCfg = Release|Any CPU
		{B945379A-5208-471D-AA93-4F7FC73AC9DD}.Release|Any CPU.Build.0 = Release|Any CPU
		{449B01CA-00B7-4747-AB22-DA2FE7F8909F}.Debug|Any CPU.ActiveCfg = Debug|Any CPU
		{449B01CA-00B7-4747-AB22-DA2FE7F8909F}.Debug|Any CPU.Build.0 = Debug|Any CPU
		{449B01CA-00B7-4747-AB22-DA2FE7F8909F}.Release|Any CPU.ActiveCfg = Release|Any CPU
		{449B01CA-00B7-4747-AB22-DA2FE7F8909F}.Release|Any CPU.Build.0 = Release|Any CPU
		{2735774F-D242-4F9B-A4D2-DD7408150F4D}.Debug|Any CPU.ActiveCfg = Debug|Any CPU
		{2735774F-D242-4F9B-A4D2-DD7408150F4D}.Debug|Any CPU.Build.0 = Debug|Any CPU
		{2735774F-D242-4F9B-A4D2-DD7408150F4D}.Release|Any CPU.ActiveCfg = Release|Any CPU
		{2735774F-D242-4F9B-A4D2-DD7408150F4D}.Release|Any CPU.Build.0 = Release|Any CPU
		{807AAC43-264C-4595-B3F2-F106C4E24AD3}.Debug|Any CPU.ActiveCfg = Debug|Any CPU
		{807AAC43-264C-4595-B3F2-F106C4E24AD3}.Debug|Any CPU.Build.0 = Debug|Any CPU
		{807AAC43-264C-4595-B3F2-F106C4E24AD3}.Release|Any CPU.ActiveCfg = Release|Any CPU
		{807AAC43-264C-4595-B3F2-F106C4E24AD3}.Release|Any CPU.Build.0 = Release|Any CPU
		{1EBFE56E-0EA5-4B41-B227-827B93E9BE01}.Debug|Any CPU.ActiveCfg = Debug|Any CPU
		{1EBFE56E-0EA5-4B41-B227-827B93E9BE01}.Debug|Any CPU.Build.0 = Debug|Any CPU
		{1EBFE56E-0EA5-4B41-B227-827B93E9BE01}.Release|Any CPU.ActiveCfg = Release|Any CPU
		{1EBFE56E-0EA5-4B41-B227-827B93E9BE01}.Release|Any CPU.Build.0 = Release|Any CPU
		{857B735D-7458-4CF7-B089-FBBFB8B65CCD}.Debug|Any CPU.ActiveCfg = Debug|Any CPU
		{857B735D-7458-4CF7-B089-FBBFB8B65CCD}.Debug|Any CPU.Build.0 = Debug|Any CPU
		{857B735D-7458-4CF7-B089-FBBFB8B65CCD}.Release|Any CPU.ActiveCfg = Release|Any CPU
		{857B735D-7458-4CF7-B089-FBBFB8B65CCD}.Release|Any CPU.Build.0 = Release|Any CPU
		{730FEC8A-C63A-492B-959F-273D09DE561D}.Debug|Any CPU.ActiveCfg = Debug|Any CPU
		{730FEC8A-C63A-492B-959F-273D09DE561D}.Debug|Any CPU.Build.0 = Debug|Any CPU
		{730FEC8A-C63A-492B-959F-273D09DE561D}.Release|Any CPU.ActiveCfg = Release|Any CPU
		{730FEC8A-C63A-492B-959F-273D09DE561D}.Release|Any CPU.Build.0 = Release|Any CPU
		{79248943-A93C-4226-B886-9F82380359B0}.Debug|Any CPU.ActiveCfg = Debug|Any CPU
		{79248943-A93C-4226-B886-9F82380359B0}.Debug|Any CPU.Build.0 = Debug|Any CPU
		{79248943-A93C-4226-B886-9F82380359B0}.Release|Any CPU.ActiveCfg = Release|Any CPU
		{79248943-A93C-4226-B886-9F82380359B0}.Release|Any CPU.Build.0 = Release|Any CPU
		{9866D9FB-1530-4939-9FF5-CA827644B56D}.Debug|Any CPU.ActiveCfg = Debug|Any CPU
		{9866D9FB-1530-4939-9FF5-CA827644B56D}.Debug|Any CPU.Build.0 = Debug|Any CPU
		{9866D9FB-1530-4939-9FF5-CA827644B56D}.Release|Any CPU.ActiveCfg = Release|Any CPU
		{9866D9FB-1530-4939-9FF5-CA827644B56D}.Release|Any CPU.Build.0 = Release|Any CPU
	EndGlobalSection
	GlobalSection(SolutionProperties) = preSolution
		HideSolutionNode = FALSE
	EndGlobalSection
	GlobalSection(NestedProjects) = preSolution
		{2777B8AD-CD47-4070-A43A-D4BAFA9EE3EA} = {C7B97A44-E564-4446-B0C4-FB2EC5560711}
		{B945379A-5208-471D-AA93-4F7FC73AC9DD} = {C7B97A44-E564-4446-B0C4-FB2EC5560711}
		{449B01CA-00B7-4747-AB22-DA2FE7F8909F} = {0A55F4A9-7DA5-4D67-8F63-A321D5675155}
		{2735774F-D242-4F9B-A4D2-DD7408150F4D} = {0A55F4A9-7DA5-4D67-8F63-A321D5675155}
		{807AAC43-264C-4595-B3F2-F106C4E24AD3} = {EAFA7889-02B9-4FC5-9567-3A981FD5335D}
		{1EBFE56E-0EA5-4B41-B227-827B93E9BE01} = {EAFA7889-02B9-4FC5-9567-3A981FD5335D}
		{857B735D-7458-4CF7-B089-FBBFB8B65CCD} = {4F192D6F-1733-4C98-9CE8-007CFCD15EBC}
		{730FEC8A-C63A-492B-959F-273D09DE561D} = {BCDC2D97-4AC4-4799-8F1F-9F0424FB8BE4}
		{79248943-A93C-4226-B886-9F82380359B0} = {BCDC2D97-4AC4-4799-8F1F-9F0424FB8BE4}
		{9866D9FB-1530-4939-9FF5-CA827644B56D} = {BCDC2D97-4AC4-4799-8F1F-9F0424FB8BE4}
	EndGlobalSection
	GlobalSection(ExtensibilityGlobals) = postSolution
		SolutionGuid = {44DF1A23-B729-4115-8143-AC4116233301}
	EndGlobalSection
EndGlobal
